
Microsoft Visual Studio Solution File, Format Version 12.00
# Visual Studio Version 17
VisualStudioVersion = 17.0.31903.59
MinimumVisualStudioVersion = 10.0.40219.1
Project("{9A19103F-16F7-4668-BE54-9A1E7A4F7556}") = "Trial.Core", "Trial.Core\Trial.Core.csproj", "{962BA063-9452-4AFD-8417-743B68CC97F3}"
EndProject
Project("{9A19103F-16F7-4668-BE54-9A1E7A4F7556}") = "Trial.Data", "Trial.Data\Trial.Data.csproj", "{0F178A78-96DE-4269-8074-E4D27583124A}"
EndProject
Project("{9A19103F-16F7-4668-BE54-9A1E7A4F7556}") = "Trial.Service", "Trial.Service\Trial.Service.csproj", "{BE1D3E12-4540-4585-AE52-49A07FB43396}"
EndProject
Project("{9A19103F-16F7-4668-BE54-9A1E7A4F7556}") = "Trial.Framework", "Trial.FrameWork\Trial.Framework.csproj", "{1822A2EF-C7DE-4733-80FA-73F6E29696D9}"
EndProject
Project("{9A19103F-16F7-4668-BE54-9A1E7A4F7556}") = "Trial.Web", "Trial.Web\Trial.Web.csproj", "{519355A0-D623-494A-8C09-4A030A7B8A1A}"
EndProject
Project("{9A19103F-16F7-4668-BE54-9A1E7A4F7556}") = "Trial.TestController", "Trial.TestController\Trial.TestController.csproj", "{90AC77B6-3BEE-4934-B020-327E76A017E1}"
EndProject
Global
	GlobalSection(SolutionConfigurationPlatforms) = preSolution
		Debug|Any CPU = Debug|Any CPU
		Release|Any CPU = Release|Any CPU
	EndGlobalSection
	GlobalSection(ProjectConfigurationPlatforms) = postSolution
		{962BA063-9452-4AFD-8417-743B68CC97F3}.Debug|Any CPU.ActiveCfg = Debug|Any CPU
		{962BA063-9452-4AFD-8417-743B68CC97F3}.Debug|Any CPU.Build.0 = Debug|Any CPU
		{962BA063-9452-4AFD-8417-743B68CC97F3}.Release|Any CPU.ActiveCfg = Release|Any CPU
		{962BA063-9452-4AFD-8417-743B68CC97F3}.Release|Any CPU.Build.0 = Release|Any CPU
		{0F178A78-96DE-4269-8074-E4D27583124A}.Debug|Any CPU.ActiveCfg = Debug|Any CPU
		{0F178A78-96DE-4269-8074-E4D27583124A}.Debug|Any CPU.Build.0 = Debug|Any CPU
		{0F178A78-96DE-4269-8074-E4D27583124A}.Release|Any CPU.ActiveCfg = Release|Any CPU
		{0F178A78-96DE-4269-8074-E4D27583124A}.Release|Any CPU.Build.0 = Release|Any CPU
		{BE1D3E12-4540-4585-AE52-49A07FB43396}.Debug|Any CPU.ActiveCfg = Debug|Any CPU
		{BE1D3E12-4540-4585-AE52-49A07FB43396}.Debug|Any CPU.Build.0 = Debug|Any CPU
		{BE1D3E12-4540-4585-AE52-49A07FB43396}.Release|Any CPU.ActiveCfg = Release|Any CPU
		{BE1D3E12-4540-4585-AE52-49A07FB43396}.Release|Any CPU.Build.0 = Release|Any CPU
		{1822A2EF-C7DE-4733-80FA-73F6E29696D9}.Debug|Any CPU.ActiveCfg = Debug|Any CPU
		{1822A2EF-C7DE-4733-80FA-73F6E29696D9}.Debug|Any CPU.Build.0 = Debug|Any CPU
		{1822A2EF-C7DE-4733-80FA-73F6E29696D9}.Release|Any CPU.ActiveCfg = Release|Any CPU
		{1822A2EF-C7DE-4733-80FA-73F6E29696D9}.Release|Any CPU.Build.0 = Release|Any CPU
		{519355A0-D623-494A-8C09-4A030A7B8A1A}.Debug|Any CPU.ActiveCfg = Debug|Any CPU
		{519355A0-D623-494A-8C09-4A030A7B8A1A}.Debug|Any CPU.Build.0 = Debug|Any CPU
		{519355A0-D623-494A-8C09-4A030A7B8A1A}.Release|Any CPU.ActiveCfg = Release|Any CPU
		{519355A0-D623-494A-8C09-4A030A7B8A1A}.Release|Any CPU.Build.0 = Release|Any CPU
		{90AC77B6-3BEE-4934-B020-327E76A017E1}.Debug|Any CPU.ActiveCfg = Debug|Any CPU
		{90AC77B6-3BEE-4934-B020-327E76A017E1}.Debug|Any CPU.Build.0 = Debug|Any CPU
		{90AC77B6-3BEE-4934-B020-327E76A017E1}.Release|Any CPU.ActiveCfg = Release|Any CPU
		{90AC77B6-3BEE-4934-B020-327E76A017E1}.Release|Any CPU.Build.0 = Release|Any CPU
	EndGlobalSection
	GlobalSection(SolutionProperties) = preSolution
		HideSolutionNode = FALSE
	EndGlobalSection
	GlobalSection(ExtensibilityGlobals) = postSolution
		SolutionGuid = {27442B52-1685-4228-835A-D14F15363CA6}
	EndGlobalSection
EndGlobal
